
Microsoft Visual Studio Solution File, Format Version 12.00
# Visual Studio 14
VisualStudioVersion = 14.0.23107.0
MinimumVisualStudioVersion = 10.0.40219.1
Project("{FAE04EC0-301F-11D3-BF4B-00C04F79EFBC}") = "POManagementASPNet", "POManagementASPNet\POManagementASPNet.csproj", "{EB2C822D-4FD0-4F26-9F3B-65FE14839250}"
EndProject
Project("{FAE04EC0-301F-11D3-BF4B-00C04F79EFBC}") = "DAL", "DAL\DAL.csproj", "{39EEA654-C68E-4E58-8C85-C82AEA9604A9}"
EndProject
Project("{FAE04EC0-301F-11D3-BF4B-00C04F79EFBC}") = "BAL", "BAL\BAL.csproj", "{F6B7D185-A246-410D-B419-22C47434D151}"
EndProject
Global
	GlobalSection(SolutionConfigurationPlatforms) = preSolution
		Debug|Any CPU = Debug|Any CPU
		Release|Any CPU = Release|Any CPU
	EndGlobalSection
	GlobalSection(ProjectConfigurationPlatforms) = postSolution
		{EB2C822D-4FD0-4F26-9F3B-65FE14839250}.Debug|Any CPU.ActiveCfg = Debug|Any CPU
		{EB2C822D-4FD0-4F26-9F3B-65FE14839250}.Debug|Any CPU.Build.0 = Debug|Any CPU
		{EB2C822D-4FD0-4F26-9F3B-65FE14839250}.Release|Any CPU.ActiveCfg = Release|Any CPU
		{EB2C822D-4FD0-4F26-9F3B-65FE14839250}.Release|Any CPU.Build.0 = Release|Any CPU
		{39EEA654-C68E-4E58-8C85-C82AEA9604A9}.Debug|Any CPU.ActiveCfg = Debug|Any CPU
		{39EEA654-C68E-4E58-8C85-C82AEA9604A9}.Debug|Any CPU.Build.0 = Debug|Any CPU
		{39EEA654-C68E-4E58-8C85-C82AEA9604A9}.Release|Any CPU.ActiveCfg = Release|Any CPU
		{39EEA654-C68E-4E58-8C85-C82AEA9604A9}.Release|Any CPU.Build.0 = Release|Any CPU
		{F6B7D185-A246-410D-B419-22C47434D151}.Debug|Any CPU.ActiveCfg = Debug|Any CPU
		{F6B7D185-A246-410D-B419-22C47434D151}.Debug|Any CPU.Build.0 = Debug|Any CPU
		{F6B7D185-A246-410D-B419-22C47434D151}.Release|Any CPU.ActiveCfg = Release|Any CPU
		{F6B7D185-A246-410D-B419-22C47434D151}.Release|Any CPU.Build.0 = Release|Any CPU
	EndGlobalSection
	GlobalSection(SolutionProperties) = preSolution
		HideSolutionNode = FALSE
	EndGlobalSection
EndGlobal
